# This file was autogenerated by Stack.
# You should not edit this file by hand.
# For more information, please see the documentation at:
#   https://docs.haskellstack.org/en/stable/lock_files

packages:
- completed:
    hackage: polysemy-plugin-0.2.5.1@sha256:61c6c0aad2852377aa5d5a8f9639a437905e3a6f0e2a99a41e96fb231dc86836,2952
    pantry-tree:
      size: 1232
      sha256: 9720d9a1675c7ac3e2635b8c9f002f7ab0764eb60738a3405603cb33bdffc493
  original:
    hackage: polysemy-plugin-0.2.5.1@sha256:61c6c0aad2852377aa5d5a8f9639a437905e3a6f0e2a99a41e96fb231dc86836,2952
snapshots:
- completed:
    size: 532380
    url: https://raw.githubusercontent.com/commercialhaskell/stackage-snapshots/master/lts/16/16.yaml
    sha256: d6b004b095fe2a0b8b14fbc30014ee97e58843b9c9362ddb9244273dda62649e
  original: lts-16.16
